{
  "name": "wiki-vital-articles",
  "version": "0.1.0",
  "lockfileVersion": 3,
  "requires": true,
  "packages": {
    "": {
      "name": "wiki-vital-articles",
      "version": "0.1.0",
      "license": "GPL-3.0",
      "bin": {
        "wiki-vital-articles": "cli.js"
      },
      "engines": {
        "node": ">=18"
      },
      "dependencies": {
        "jsdom": "^24.0.0",
        "meow": "^12.1.1"
      },
      "devDependencies": {
        "vitest": "^1.6.0"
      }
    }
  }
}
